
Microsoft Visual Studio Solution File, Format Version 12.00
# Visual Studio Version 17
VisualStudioVersion = 17.3.32901.215
MinimumVisualStudioVersion = 10.0.40219.1
Project("{9A19103F-16F7-4668-BE54-9A1E7A4F7556}") = "Slacker.Domain", "src\Slacker.Domain\Slacker.Domain.csproj", "{55A66FF1-70AD-434F-8E51-501895CD5818}"
EndProject
Project("{2150E333-8FDC-42A3-9474-1A3956D46DE8}") = "src", "src", "{D5B4C5E5-A497-4072-9845-41EFA0E69B18}"
EndProject
Project("{9A19103F-16F7-4668-BE54-9A1E7A4F7556}") = "Slacker.Application", "src\Slacker.Application\Slacker.Application.csproj", "{ADE4FF7E-8A4D-46CC-B645-C2626CE12B73}"
EndProject
Project("{9A19103F-16F7-4668-BE54-9A1E7A4F7556}") = "Slacker.Infrastructure", "src\Slacker.Infrastructure\Slacker.Infrastructure.csproj", "{843C97FC-CCEA-4025-8E55-7CFAD13B3DE7}"
EndProject
Project("{9A19103F-16F7-4668-BE54-9A1E7A4F7556}") = "Slacker.Api", "src\Slacker.Api\Slacker.Api.csproj", "{839C65BD-F98E-44AB-BAF1-6B15DB203CC7}"
EndProject
Project("{2150E333-8FDC-42A3-9474-1A3956D46DE8}") = "tests", "tests", "{3ACE1493-8FDC-4688-BFA8-E93574340F39}"
EndProject
Project("{9A19103F-16F7-4668-BE54-9A1E7A4F7556}") = "Slacker.Application.UnitTests", "tests\Slacker.Application.UnitTests\Slacker.Application.UnitTests.csproj", "{5626ABCC-9C20-4B40-A9D0-72B71A79B013}"
EndProject
Project("{FAE04EC0-301F-11D3-BF4B-00C04F79EFBC}") = "Slacker.Infrastructure.UnitTests", "Slacker.Infrastructure.UnitTests\Slacker.Infrastructure.UnitTests.csproj", "{E4E77459-8D96-4E12-ACA1-5482E166B27A}"
EndProject
Global
	GlobalSection(SolutionConfigurationPlatforms) = preSolution
		Debug|Any CPU = Debug|Any CPU
		Release|Any CPU = Release|Any CPU
	EndGlobalSection
	GlobalSection(ProjectConfigurationPlatforms) = postSolution
		{55A66FF1-70AD-434F-8E51-501895CD5818}.Debug|Any CPU.ActiveCfg = Debug|Any CPU
		{55A66FF1-70AD-434F-8E51-501895CD5818}.Debug|Any CPU.Build.0 = Debug|Any CPU
		{55A66FF1-70AD-434F-8E51-501895CD5818}.Release|Any CPU.ActiveCfg = Release|Any CPU
		{55A66FF1-70AD-434F-8E51-501895CD5818}.Release|Any CPU.Build.0 = Release|Any CPU
		{ADE4FF7E-8A4D-46CC-B645-C2626CE12B73}.Debug|Any CPU.ActiveCfg = Debug|Any CPU
		{ADE4FF7E-8A4D-46CC-B645-C2626CE12B73}.Debug|Any CPU.Build.0 = Debug|Any CPU
		{ADE4FF7E-8A4D-46CC-B645-C2626CE12B73}.Release|Any CPU.ActiveCfg = Release|Any CPU
		{ADE4FF7E-8A4D-46CC-B645-C2626CE12B73}.Release|Any CPU.Build.0 = Release|Any CPU
		{843C97FC-CCEA-4025-8E55-7CFAD13B3DE7}.Debug|Any CPU.ActiveCfg = Debug|Any CPU
		{843C97FC-CCEA-4025-8E55-7CFAD13B3DE7}.Debug|Any CPU.Build.0 = Debug|Any CPU
		{843C97FC-CCEA-4025-8E55-7CFAD13B3DE7}.Release|Any CPU.ActiveCfg = Release|Any CPU
		{843C97FC-CCEA-4025-8E55-7CFAD13B3DE7}.Release|Any CPU.Build.0 = Release|Any CPU
		{839C65BD-F98E-44AB-BAF1-6B15DB203CC7}.Debug|Any CPU.ActiveCfg = Debug|Any CPU
		{839C65BD-F98E-44AB-BAF1-6B15DB203CC7}.Debug|Any CPU.Build.0 = Debug|Any CPU
		{839C65BD-F98E-44AB-BAF1-6B15DB203CC7}.Release|Any CPU.ActiveCfg = Release|Any CPU
		{839C65BD-F98E-44AB-BAF1-6B15DB203CC7}.Release|Any CPU.Build.0 = Release|Any CPU
		{5626ABCC-9C20-4B40-A9D0-72B71A79B013}.Debug|Any CPU.ActiveCfg = Debug|Any CPU
		{5626ABCC-9C20-4B40-A9D0-72B71A79B013}.Debug|Any CPU.Build.0 = Debug|Any CPU
		{5626ABCC-9C20-4B40-A9D0-72B71A79B013}.Release|Any CPU.ActiveCfg = Release|Any CPU
		{5626ABCC-9C20-4B40-A9D0-72B71A79B013}.Release|Any CPU.Build.0 = Release|Any CPU
		{E4E77459-8D96-4E12-ACA1-5482E166B27A}.Debug|Any CPU.ActiveCfg = Debug|Any CPU
		{E4E77459-8D96-4E12-ACA1-5482E166B27A}.Debug|Any CPU.Build.0 = Debug|Any CPU
		{E4E77459-8D96-4E12-ACA1-5482E166B27A}.Release|Any CPU.ActiveCfg = Release|Any CPU
		{E4E77459-8D96-4E12-ACA1-5482E166B27A}.Release|Any CPU.Build.0 = Release|Any CPU
	EndGlobalSection
	GlobalSection(SolutionProperties) = preSolution
		HideSolutionNode = FALSE
	EndGlobalSection
	GlobalSection(NestedProjects) = preSolution
		{55A66FF1-70AD-434F-8E51-501895CD5818} = {D5B4C5E5-A497-4072-9845-41EFA0E69B18}
		{ADE4FF7E-8A4D-46CC-B645-C2626CE12B73} = {D5B4C5E5-A497-4072-9845-41EFA0E69B18}
		{843C97FC-CCEA-4025-8E55-7CFAD13B3DE7} = {D5B4C5E5-A497-4072-9845-41EFA0E69B18}
		{839C65BD-F98E-44AB-BAF1-6B15DB203CC7} = {D5B4C5E5-A497-4072-9845-41EFA0E69B18}
		{5626ABCC-9C20-4B40-A9D0-72B71A79B013} = {3ACE1493-8FDC-4688-BFA8-E93574340F39}
		{E4E77459-8D96-4E12-ACA1-5482E166B27A} = {3ACE1493-8FDC-4688-BFA8-E93574340F39}
	EndGlobalSection
	GlobalSection(ExtensibilityGlobals) = postSolution
		SolutionGuid = {EB604AD0-6932-479F-926D-64EA4DC5C980}
	EndGlobalSection
EndGlobal
